
Microsoft Visual Studio Solution File, Format Version 12.00
# Visual Studio 14
VisualStudioVersion = 14.0.24720.0
MinimumVisualStudioVersion = 10.0.40219.1
Project("{FAE04EC0-301F-11D3-BF4B-00C04F79EFBC}") = "Audit", "AUDIT\Audit.csproj", "{A47E95EE-6460-4015-9B95-0702ADC4CB4A}"
EndProject
Project("{FAE04EC0-301F-11D3-BF4B-00C04F79EFBC}") = "DAL", "DAL\DAL.csproj", "{248F8880-4110-4AF0-99E0-9C795CE33684}"
EndProject
Project("{FAE04EC0-301F-11D3-BF4B-00C04F79EFBC}") = "WebApplication1", "WebApplication1\WebApplication1.csproj", "{8D676DB9-4310-4D31-9207-BAAC700BD6C4}"
EndProject
Project("{FAE04EC0-301F-11D3-BF4B-00C04F79EFBC}") = "WebTest", "WebTest\WebTest.csproj", "{FDE70486-618B-43D3-A844-20A723E50521}"
EndProject
Global
	GlobalSection(SolutionConfigurationPlatforms) = preSolution
		Debug|Any CPU = Debug|Any CPU
		Desa|Any CPU = Desa|Any CPU
		MIG|Any CPU = MIG|Any CPU
		PI|Any CPU = PI|Any CPU
		PID|Any CPU = PID|Any CPU
		Release|Any CPU = Release|Any CPU
		Test|Any CPU = Test|Any CPU
	EndGlobalSection
	GlobalSection(ProjectConfigurationPlatforms) = postSolution
		{A47E95EE-6460-4015-9B95-0702ADC4CB4A}.Debug|Any CPU.ActiveCfg = Debug|Any CPU
		{A47E95EE-6460-4015-9B95-0702ADC4CB4A}.Debug|Any CPU.Build.0 = Debug|Any CPU
		{A47E95EE-6460-4015-9B95-0702ADC4CB4A}.Desa|Any CPU.ActiveCfg = Desa|Any CPU
		{A47E95EE-6460-4015-9B95-0702ADC4CB4A}.Desa|Any CPU.Build.0 = Desa|Any CPU
		{A47E95EE-6460-4015-9B95-0702ADC4CB4A}.MIG|Any CPU.ActiveCfg = MIG|Any CPU
		{A47E95EE-6460-4015-9B95-0702ADC4CB4A}.MIG|Any CPU.Build.0 = MIG|Any CPU
		{A47E95EE-6460-4015-9B95-0702ADC4CB4A}.PI|Any CPU.ActiveCfg = PI|Any CPU
		{A47E95EE-6460-4015-9B95-0702ADC4CB4A}.PI|Any CPU.Build.0 = PI|Any CPU
		{A47E95EE-6460-4015-9B95-0702ADC4CB4A}.PID|Any CPU.ActiveCfg = PID|Any CPU
		{A47E95EE-6460-4015-9B95-0702ADC4CB4A}.PID|Any CPU.Build.0 = PID|Any CPU
		{A47E95EE-6460-4015-9B95-0702ADC4CB4A}.Release|Any CPU.ActiveCfg = Release|Any CPU
		{A47E95EE-6460-4015-9B95-0702ADC4CB4A}.Release|Any CPU.Build.0 = Release|Any CPU
		{A47E95EE-6460-4015-9B95-0702ADC4CB4A}.Test|Any CPU.ActiveCfg = Test|Any CPU
		{A47E95EE-6460-4015-9B95-0702ADC4CB4A}.Test|Any CPU.Build.0 = Test|Any CPU
		{248F8880-4110-4AF0-99E0-9C795CE33684}.Debug|Any CPU.ActiveCfg = Debug|Any CPU
		{248F8880-4110-4AF0-99E0-9C795CE33684}.Debug|Any CPU.Build.0 = Debug|Any CPU
		{248F8880-4110-4AF0-99E0-9C795CE33684}.Desa|Any CPU.ActiveCfg = Debug|Any CPU
		{248F8880-4110-4AF0-99E0-9C795CE33684}.Desa|Any CPU.Build.0 = Debug|Any CPU
		{248F8880-4110-4AF0-99E0-9C795CE33684}.MIG|Any CPU.ActiveCfg = Release|Any CPU
		{248F8880-4110-4AF0-99E0-9C795CE33684}.MIG|Any CPU.Build.0 = Release|Any CPU
		{248F8880-4110-4AF0-99E0-9C795CE33684}.PI|Any CPU.ActiveCfg = Release|Any CPU
		{248F8880-4110-4AF0-99E0-9C795CE33684}.PI|Any CPU.Build.0 = Release|Any CPU
		{248F8880-4110-4AF0-99E0-9C795CE33684}.PID|Any CPU.ActiveCfg = Release|Any CPU
		{248F8880-4110-4AF0-99E0-9C795CE33684}.PID|Any CPU.Build.0 = Release|Any CPU
		{248F8880-4110-4AF0-99E0-9C795CE33684}.Release|Any CPU.ActiveCfg = Release|Any CPU
		{248F8880-4110-4AF0-99E0-9C795CE33684}.Release|Any CPU.Build.0 = Release|Any CPU
		{248F8880-4110-4AF0-99E0-9C795CE33684}.Test|Any CPU.ActiveCfg = Release|Any CPU
		{248F8880-4110-4AF0-99E0-9C795CE33684}.Test|Any CPU.Build.0 = Release|Any CPU
		{8D676DB9-4310-4D31-9207-BAAC700BD6C4}.Debug|Any CPU.ActiveCfg = Debug|Any CPU
		{8D676DB9-4310-4D31-9207-BAAC700BD6C4}.Debug|Any CPU.Build.0 = Debug|Any CPU
		{8D676DB9-4310-4D31-9207-BAAC700BD6C4}.Desa|Any CPU.ActiveCfg = Debug|Any CPU
		{8D676DB9-4310-4D31-9207-BAAC700BD6C4}.Desa|Any CPU.Build.0 = Debug|Any CPU
		{8D676DB9-4310-4D31-9207-BAAC700BD6C4}.MIG|Any CPU.ActiveCfg = Release|Any CPU
		{8D676DB9-4310-4D31-9207-BAAC700BD6C4}.MIG|Any CPU.Build.0 = Release|Any CPU
		{8D676DB9-4310-4D31-9207-BAAC700BD6C4}.PI|Any CPU.ActiveCfg = Release|Any CPU
		{8D676DB9-4310-4D31-9207-BAAC700BD6C4}.PI|Any CPU.Build.0 = Release|Any CPU
		{8D676DB9-4310-4D31-9207-BAAC700BD6C4}.PID|Any CPU.ActiveCfg = Release|Any CPU
		{8D676DB9-4310-4D31-9207-BAAC700BD6C4}.PID|Any CPU.Build.0 = Release|Any CPU
		{8D676DB9-4310-4D31-9207-BAAC700BD6C4}.Release|Any CPU.ActiveCfg = Release|Any CPU
		{8D676DB9-4310-4D31-9207-BAAC700BD6C4}.Release|Any CPU.Build.0 = Release|Any CPU
		{8D676DB9-4310-4D31-9207-BAAC700BD6C4}.Test|Any CPU.ActiveCfg = Release|Any CPU
		{8D676DB9-4310-4D31-9207-BAAC700BD6C4}.Test|Any CPU.Build.0 = Release|Any CPU
		{FDE70486-618B-43D3-A844-20A723E50521}.Debug|Any CPU.ActiveCfg = Debug|Any CPU
		{FDE70486-618B-43D3-A844-20A723E50521}.Debug|Any CPU.Build.0 = Debug|Any CPU
		{FDE70486-618B-43D3-A844-20A723E50521}.Desa|Any CPU.ActiveCfg = Debug|Any CPU
		{FDE70486-618B-43D3-A844-20A723E50521}.Desa|Any CPU.Build.0 = Debug|Any CPU
		{FDE70486-618B-43D3-A844-20A723E50521}.MIG|Any CPU.ActiveCfg = Release|Any CPU
		{FDE70486-618B-43D3-A844-20A723E50521}.MIG|Any CPU.Build.0 = Release|Any CPU
		{FDE70486-618B-43D3-A844-20A723E50521}.PI|Any CPU.ActiveCfg = Release|Any CPU
		{FDE70486-618B-43D3-A844-20A723E50521}.PI|Any CPU.Build.0 = Release|Any CPU
		{FDE70486-618B-43D3-A844-20A723E50521}.PID|Any CPU.ActiveCfg = Release|Any CPU
		{FDE70486-618B-43D3-A844-20A723E50521}.PID|Any CPU.Build.0 = Release|Any CPU
		{FDE70486-618B-43D3-A844-20A723E50521}.Release|Any CPU.ActiveCfg = Release|Any CPU
		{FDE70486-618B-43D3-A844-20A723E50521}.Release|Any CPU.Build.0 = Release|Any CPU
		{FDE70486-618B-43D3-A844-20A723E50521}.Test|Any CPU.ActiveCfg = Release|Any CPU
		{FDE70486-618B-43D3-A844-20A723E50521}.Test|Any CPU.Build.0 = Release|Any CPU
	EndGlobalSection
	GlobalSection(SolutionProperties) = preSolution
		HideSolutionNode = FALSE
	EndGlobalSection
EndGlobal
