
Microsoft Visual Studio Solution File, Format Version 12.00
# Visual Studio 14
VisualStudioVersion = 14.0.24720.0
MinimumVisualStudioVersion = 10.0.40219.1
Project("{FAE04EC0-301F-11D3-BF4B-00C04F79EFBC}") = "Dal", "DAL\Dal.csproj", "{248F8880-4110-4AF0-99E0-9C795CE33684}"
EndProject
Project("{FAE04EC0-301F-11D3-BF4B-00C04F79EFBC}") = "Dal.Sample.Model", "Dal.Sample.Model\Dal.Sample.Model.csproj", "{D489E0A4-6913-4BDD-A93E-841C72F13D49}"
EndProject
Project("{FAE04EC0-301F-11D3-BF4B-00C04F79EFBC}") = "Dal.Audit", "Dal.Audit\Dal.Audit.csproj", "{A47E95EE-6460-4015-9B95-0702ADC4CB4A}"
EndProject
Project("{FAE04EC0-301F-11D3-BF4B-00C04F79EFBC}") = "Dal.Test", "Dal.Test\Dal.Test.csproj", "{BB18810B-F872-4EFA-AE06-BE967C0FE34A}"
EndProject
Project("{FAE04EC0-301F-11D3-BF4B-00C04F79EFBC}") = "Dal.History", "Dal.History\Dal.History.csproj", "{E3DB51ED-16DD-48EA-895C-5B0E656ED4F5}"
EndProject
Project("{FAE04EC0-301F-11D3-BF4B-00C04F79EFBC}") = "Dal.Base", "Dal.Base\Dal.Base.csproj", "{FF9D81A9-99F6-4D0F-AF70-00EB6540C161}"
EndProject
Global
	GlobalSection(SolutionConfigurationPlatforms) = preSolution
		Debug|Any CPU = Debug|Any CPU
		Desa|Any CPU = Desa|Any CPU
		MIG|Any CPU = MIG|Any CPU
		PI|Any CPU = PI|Any CPU
		PID|Any CPU = PID|Any CPU
		Release|Any CPU = Release|Any CPU
		Test|Any CPU = Test|Any CPU
	EndGlobalSection
	GlobalSection(ProjectConfigurationPlatforms) = postSolution
		{248F8880-4110-4AF0-99E0-9C795CE33684}.Debug|Any CPU.ActiveCfg = Debug|Any CPU
		{248F8880-4110-4AF0-99E0-9C795CE33684}.Debug|Any CPU.Build.0 = Debug|Any CPU
		{248F8880-4110-4AF0-99E0-9C795CE33684}.Desa|Any CPU.ActiveCfg = Debug|Any CPU
		{248F8880-4110-4AF0-99E0-9C795CE33684}.Desa|Any CPU.Build.0 = Debug|Any CPU
		{248F8880-4110-4AF0-99E0-9C795CE33684}.MIG|Any CPU.ActiveCfg = Release|Any CPU
		{248F8880-4110-4AF0-99E0-9C795CE33684}.MIG|Any CPU.Build.0 = Release|Any CPU
		{248F8880-4110-4AF0-99E0-9C795CE33684}.PI|Any CPU.ActiveCfg = Release|Any CPU
		{248F8880-4110-4AF0-99E0-9C795CE33684}.PI|Any CPU.Build.0 = Release|Any CPU
		{248F8880-4110-4AF0-99E0-9C795CE33684}.PID|Any CPU.ActiveCfg = Release|Any CPU
		{248F8880-4110-4AF0-99E0-9C795CE33684}.PID|Any CPU.Build.0 = Release|Any CPU
		{248F8880-4110-4AF0-99E0-9C795CE33684}.Release|Any CPU.ActiveCfg = Release|Any CPU
		{248F8880-4110-4AF0-99E0-9C795CE33684}.Release|Any CPU.Build.0 = Release|Any CPU
		{248F8880-4110-4AF0-99E0-9C795CE33684}.Test|Any CPU.ActiveCfg = Release|Any CPU
		{248F8880-4110-4AF0-99E0-9C795CE33684}.Test|Any CPU.Build.0 = Release|Any CPU
		{D489E0A4-6913-4BDD-A93E-841C72F13D49}.Debug|Any CPU.ActiveCfg = Debug|Any CPU
		{D489E0A4-6913-4BDD-A93E-841C72F13D49}.Debug|Any CPU.Build.0 = Debug|Any CPU
		{D489E0A4-6913-4BDD-A93E-841C72F13D49}.Desa|Any CPU.ActiveCfg = Debug|Any CPU
		{D489E0A4-6913-4BDD-A93E-841C72F13D49}.Desa|Any CPU.Build.0 = Debug|Any CPU
		{D489E0A4-6913-4BDD-A93E-841C72F13D49}.MIG|Any CPU.ActiveCfg = Release|Any CPU
		{D489E0A4-6913-4BDD-A93E-841C72F13D49}.MIG|Any CPU.Build.0 = Release|Any CPU
		{D489E0A4-6913-4BDD-A93E-841C72F13D49}.PI|Any CPU.ActiveCfg = Release|Any CPU
		{D489E0A4-6913-4BDD-A93E-841C72F13D49}.PI|Any CPU.Build.0 = Release|Any CPU
		{D489E0A4-6913-4BDD-A93E-841C72F13D49}.PID|Any CPU.ActiveCfg = Release|Any CPU
		{D489E0A4-6913-4BDD-A93E-841C72F13D49}.PID|Any CPU.Build.0 = Release|Any CPU
		{D489E0A4-6913-4BDD-A93E-841C72F13D49}.Release|Any CPU.ActiveCfg = Release|Any CPU
		{D489E0A4-6913-4BDD-A93E-841C72F13D49}.Release|Any CPU.Build.0 = Release|Any CPU
		{D489E0A4-6913-4BDD-A93E-841C72F13D49}.Test|Any CPU.ActiveCfg = Release|Any CPU
		{D489E0A4-6913-4BDD-A93E-841C72F13D49}.Test|Any CPU.Build.0 = Release|Any CPU
		{A47E95EE-6460-4015-9B95-0702ADC4CB4A}.Debug|Any CPU.ActiveCfg = Debug|Any CPU
		{A47E95EE-6460-4015-9B95-0702ADC4CB4A}.Debug|Any CPU.Build.0 = Debug|Any CPU
		{A47E95EE-6460-4015-9B95-0702ADC4CB4A}.Desa|Any CPU.ActiveCfg = Desa|Any CPU
		{A47E95EE-6460-4015-9B95-0702ADC4CB4A}.Desa|Any CPU.Build.0 = Desa|Any CPU
		{A47E95EE-6460-4015-9B95-0702ADC4CB4A}.MIG|Any CPU.ActiveCfg = MIG|Any CPU
		{A47E95EE-6460-4015-9B95-0702ADC4CB4A}.MIG|Any CPU.Build.0 = MIG|Any CPU
		{A47E95EE-6460-4015-9B95-0702ADC4CB4A}.PI|Any CPU.ActiveCfg = PI|Any CPU
		{A47E95EE-6460-4015-9B95-0702ADC4CB4A}.PI|Any CPU.Build.0 = PI|Any CPU
		{A47E95EE-6460-4015-9B95-0702ADC4CB4A}.PID|Any CPU.ActiveCfg = PID|Any CPU
		{A47E95EE-6460-4015-9B95-0702ADC4CB4A}.PID|Any CPU.Build.0 = PID|Any CPU
		{A47E95EE-6460-4015-9B95-0702ADC4CB4A}.Release|Any CPU.ActiveCfg = Release|Any CPU
		{A47E95EE-6460-4015-9B95-0702ADC4CB4A}.Release|Any CPU.Build.0 = Release|Any CPU
		{A47E95EE-6460-4015-9B95-0702ADC4CB4A}.Test|Any CPU.ActiveCfg = Test|Any CPU
		{A47E95EE-6460-4015-9B95-0702ADC4CB4A}.Test|Any CPU.Build.0 = Test|Any CPU
		{BB18810B-F872-4EFA-AE06-BE967C0FE34A}.Debug|Any CPU.ActiveCfg = Debug|Any CPU
		{BB18810B-F872-4EFA-AE06-BE967C0FE34A}.Debug|Any CPU.Build.0 = Debug|Any CPU
		{BB18810B-F872-4EFA-AE06-BE967C0FE34A}.Desa|Any CPU.ActiveCfg = Debug|Any CPU
		{BB18810B-F872-4EFA-AE06-BE967C0FE34A}.Desa|Any CPU.Build.0 = Debug|Any CPU
		{BB18810B-F872-4EFA-AE06-BE967C0FE34A}.MIG|Any CPU.ActiveCfg = Release|Any CPU
		{BB18810B-F872-4EFA-AE06-BE967C0FE34A}.MIG|Any CPU.Build.0 = Release|Any CPU
		{BB18810B-F872-4EFA-AE06-BE967C0FE34A}.PI|Any CPU.ActiveCfg = Release|Any CPU
		{BB18810B-F872-4EFA-AE06-BE967C0FE34A}.PI|Any CPU.Build.0 = Release|Any CPU
		{BB18810B-F872-4EFA-AE06-BE967C0FE34A}.PID|Any CPU.ActiveCfg = Release|Any CPU
		{BB18810B-F872-4EFA-AE06-BE967C0FE34A}.PID|Any CPU.Build.0 = Release|Any CPU
		{BB18810B-F872-4EFA-AE06-BE967C0FE34A}.Release|Any CPU.ActiveCfg = Release|Any CPU
		{BB18810B-F872-4EFA-AE06-BE967C0FE34A}.Release|Any CPU.Build.0 = Release|Any CPU
		{BB18810B-F872-4EFA-AE06-BE967C0FE34A}.Test|Any CPU.ActiveCfg = Release|Any CPU
		{BB18810B-F872-4EFA-AE06-BE967C0FE34A}.Test|Any CPU.Build.0 = Release|Any CPU
		{E3DB51ED-16DD-48EA-895C-5B0E656ED4F5}.Debug|Any CPU.ActiveCfg = Debug|Any CPU
		{E3DB51ED-16DD-48EA-895C-5B0E656ED4F5}.Debug|Any CPU.Build.0 = Debug|Any CPU
		{E3DB51ED-16DD-48EA-895C-5B0E656ED4F5}.Desa|Any CPU.ActiveCfg = Debug|Any CPU
		{E3DB51ED-16DD-48EA-895C-5B0E656ED4F5}.Desa|Any CPU.Build.0 = Debug|Any CPU
		{E3DB51ED-16DD-48EA-895C-5B0E656ED4F5}.MIG|Any CPU.ActiveCfg = Release|Any CPU
		{E3DB51ED-16DD-48EA-895C-5B0E656ED4F5}.MIG|Any CPU.Build.0 = Release|Any CPU
		{E3DB51ED-16DD-48EA-895C-5B0E656ED4F5}.PI|Any CPU.ActiveCfg = Release|Any CPU
		{E3DB51ED-16DD-48EA-895C-5B0E656ED4F5}.PI|Any CPU.Build.0 = Release|Any CPU
		{E3DB51ED-16DD-48EA-895C-5B0E656ED4F5}.PID|Any CPU.ActiveCfg = Release|Any CPU
		{E3DB51ED-16DD-48EA-895C-5B0E656ED4F5}.PID|Any CPU.Build.0 = Release|Any CPU
		{E3DB51ED-16DD-48EA-895C-5B0E656ED4F5}.Release|Any CPU.ActiveCfg = Release|Any CPU
		{E3DB51ED-16DD-48EA-895C-5B0E656ED4F5}.Release|Any CPU.Build.0 = Release|Any CPU
		{E3DB51ED-16DD-48EA-895C-5B0E656ED4F5}.Test|Any CPU.ActiveCfg = Release|Any CPU
		{E3DB51ED-16DD-48EA-895C-5B0E656ED4F5}.Test|Any CPU.Build.0 = Release|Any CPU
		{FF9D81A9-99F6-4D0F-AF70-00EB6540C161}.Debug|Any CPU.ActiveCfg = Debug|Any CPU
		{FF9D81A9-99F6-4D0F-AF70-00EB6540C161}.Debug|Any CPU.Build.0 = Debug|Any CPU
		{FF9D81A9-99F6-4D0F-AF70-00EB6540C161}.Desa|Any CPU.ActiveCfg = Debug|Any CPU
		{FF9D81A9-99F6-4D0F-AF70-00EB6540C161}.Desa|Any CPU.Build.0 = Debug|Any CPU
		{FF9D81A9-99F6-4D0F-AF70-00EB6540C161}.MIG|Any CPU.ActiveCfg = Release|Any CPU
		{FF9D81A9-99F6-4D0F-AF70-00EB6540C161}.MIG|Any CPU.Build.0 = Release|Any CPU
		{FF9D81A9-99F6-4D0F-AF70-00EB6540C161}.PI|Any CPU.ActiveCfg = Release|Any CPU
		{FF9D81A9-99F6-4D0F-AF70-00EB6540C161}.PI|Any CPU.Build.0 = Release|Any CPU
		{FF9D81A9-99F6-4D0F-AF70-00EB6540C161}.PID|Any CPU.ActiveCfg = Release|Any CPU
		{FF9D81A9-99F6-4D0F-AF70-00EB6540C161}.PID|Any CPU.Build.0 = Release|Any CPU
		{FF9D81A9-99F6-4D0F-AF70-00EB6540C161}.Release|Any CPU.ActiveCfg = Release|Any CPU
		{FF9D81A9-99F6-4D0F-AF70-00EB6540C161}.Release|Any CPU.Build.0 = Release|Any CPU
		{FF9D81A9-99F6-4D0F-AF70-00EB6540C161}.Test|Any CPU.ActiveCfg = Release|Any CPU
		{FF9D81A9-99F6-4D0F-AF70-00EB6540C161}.Test|Any CPU.Build.0 = Release|Any CPU
	EndGlobalSection
	GlobalSection(SolutionProperties) = preSolution
		HideSolutionNode = FALSE
	EndGlobalSection
EndGlobal
